
Microsoft Visual Studio Solution File, Format Version 12.00
# Visual Studio 15
VisualStudioVersion = 15.0.28010.2026
MinimumVisualStudioVersion = 10.0.40219.1
Project("{FAE04EC0-301F-11D3-BF4B-00C04F79EFBC}") = "Pilot.WebApi", "src\Pilot.WebApi\Pilot.WebApi.csproj", "{E90104CF-A9D2-46AF-B9E0-A7DAE8F612DD}"
EndProject
Global
	GlobalSection(SolutionConfigurationPlatforms) = preSolution
		Debug|x86 = Debug|x86
		Release|x86 = Release|x86
	EndGlobalSection
	GlobalSection(ProjectConfigurationPlatforms) = postSolution
		{E90104CF-A9D2-46AF-B9E0-A7DAE8F612DD}.Debug|x86.ActiveCfg = Debug|x86
		{E90104CF-A9D2-46AF-B9E0-A7DAE8F612DD}.Debug|x86.Build.0 = Debug|x86
		{E90104CF-A9D2-46AF-B9E0-A7DAE8F612DD}.Release|x86.ActiveCfg = Release|x86
		{E90104CF-A9D2-46AF-B9E0-A7DAE8F612DD}.Release|x86.Build.0 = Release|x86
	EndGlobalSection
	GlobalSection(SolutionProperties) = preSolution
		HideSolutionNode = FALSE
	EndGlobalSection
	GlobalSection(ExtensibilityGlobals) = postSolution
		SolutionGuid = {48D5A9C4-1174-4818-8E2C-7F9CD6862055}
	EndGlobalSection
EndGlobal
